PODS:
  - SVFoundation (0.1.8)

DEPENDENCIES:
  - SVFoundation (~> 0.1.8)

SPEC REPOS:
  https://github.com/cocoapods/specs.git:
    - SVFoundation

SPEC CHECKSUMS:
  SVFoundation: 9bdffcf2deb9aace4e9863311b9fccfaa722b4cc

PODFILE CHECKSUM: 428ffd81a7af7ba2fa7ca86063432bed40de14ed

COCOAPODS: 1.5.3
